// !$*UTF8*$!
{
	archiveVersion = 1;
	classes = {
	};
	objectVersion = 77;
	objects = {

/* Begin PBXBuildFile section */
		1CB95E103FB9210DFEBEB993 /* DateFormatting.swift in Sources */ = {isa = PBXBuildFile; fileRef = 22253EDED58982293A39106F /* DateFormatting.swift */; };
		25F8D03BFFB6FB179A74167A /* WindowManager.swift in Sources */ = {isa = PBXBuildFile; fileRef = AA4CAE13354C9E6012AA1457 /* WindowManager.swift */; };
		2DF20E09E4B01844DBDD5D61 /* URLDetector.swift in Sources */ = {isa = PBXBuildFile; fileRef = 815FBA6DADF12E5FC41F5DEF /* URLDetector.swift */; };
		550F496734439B63A09B88EF /* ColorExtensions.swift in Sources */ = {isa = PBXBuildFile; fileRef = 2297900470B900CA99A1EE23 /* ColorExtensions.swift */; };
		5ED177517D5612505D58BCD0 /* NotesListView.swift in Sources */ = {isa = PBXBuildFile; fileRef = FFA10ED573A90AB22C21C27D /* NotesListView.swift */; };
		6294487BC7E6D4BD155FD2A7 /* ColorPickerMenu.swift in Sources */ = {isa = PBXBuildFile; fileRef = 88FA0193B36885EB9821C43D /* ColorPickerMenu.swift */; };
		6D1189EDC4760413991B21D0 /* NoteWindowView.swift in Sources */ = {isa = PBXBuildFile; fileRef = EE586DF508DB92410B58BAD5 /* NoteWindowView.swift */; };
		6D71A63DB6B552E6182DAD52 /* NoteTextEditor.swift in Sources */ = {isa = PBXBuildFile; fileRef = 5F31518A3998CC795578F7B8 /* NoteTextEditor.swift */; };
		733E020D3F886A45FF890F45 /* WindowAccessor.swift in Sources */ = {isa = PBXBuildFile; fileRef = FEF7E171627D81943B9AF5E1 /* WindowAccessor.swift */; };
		7B5A35F39F2C3202EE6CFBD6 /* NoteColor.swift in Sources */ = {isa = PBXBuildFile; fileRef = AC75B15DB7993FBDBF019F5C /* NoteColor.swift */; };
		7D3F027AF4546422847A0E24 /* NoteCardView.swift in Sources */ = {isa = PBXBuildFile; fileRef = 973FCD5349C50EA2134BE259 /* NoteCardView.swift */; };
		9D79F23ACC031929FB318A9C /* SearchBar.swift in Sources */ = {isa = PBXBuildFile; fileRef = 52D260DC782A81409FDFA6CA /* SearchBar.swift */; };
		9D9B6F518E852E952AE46688 /* NoteToolbarView.swift in Sources */ = {isa = PBXBuildFile; fileRef = 4723B0D0D563B40BF0AD7211 /* NoteToolbarView.swift */; };
		9EB6DECB906FCAE9D2181AD6 /* StickyNotesApp.swift in Sources */ = {isa = PBXBuildFile; fileRef = AA8553FD88D4A235710062D6 /* StickyNotesApp.swift */; };
		C2DB3D4BD76A9D3931B58DB4 /* Assets.xcassets in Resources */ = {isa = PBXBuildFile; fileRef = 330DBE45BB9D76027DFFCD95 /* Assets.xcassets */; };
		C5F5AFD2B4CEF7F365C2304B /* SettingsView.swift in Sources */ = {isa = PBXBuildFile; fileRef = 6D4BAD512EEAEF4442394B01 /* SettingsView.swift */; };
		C7E92EC7346610FB86681445 /* FormattingBar.swift in Sources */ = {isa = PBXBuildFile; fileRef = D7217EF20296DFC6B0BC4020 /* FormattingBar.swift */; };
		D60D810A51DE1054F08D098C /* TextEditorProxy.swift in Sources */ = {isa = PBXBuildFile; fileRef = 1C430675DDF145051A7C5A15 /* TextEditorProxy.swift */; };
		D8EB2F04D85F640DB8EAAAD8 /* StickyNote.swift in Sources */ = {isa = PBXBuildFile; fileRef = D8826B7F98B8949FE9E61E5A /* StickyNote.swift */; };
/* End PBXBuildFile section */

/* Begin PBXFileReference section */
		1C430675DDF145051A7C5A15 /* TextEditorProxy.swift */ = {isa = PBXFileReference; lastKnownFileType = sourcecode.swift; path = TextEditorProxy.swift; sourceTree = "<group>"; };
		22253EDED58982293A39106F /* DateFormatting.swift */ = {isa = PBXFileReference; lastKnownFileType = sourcecode.swift; path = DateFormatting.swift; sourceTree = "<group>"; };
		2297900470B900CA99A1EE23 /* ColorExtensions.swift */ = {isa = PBXFileReference; lastKnownFileType = sourcecode.swift; path = ColorExtensions.swift; sourceTree = "<group>"; };
		24EEB5AEB946542708814690 /* StickyNotes.entitlements */ = {isa = PBXFileReference; lastKnownFileType = text.plist.entitlements; path = StickyNotes.entitlements; sourceTree = "<group>"; };
		330DBE45BB9D76027DFFCD95 /* Assets.xcassets */ = {isa = PBXFileReference; lastKnownFileType = folder.assetcatalog; path = Assets.xcassets; sourceTree = "<group>"; };
		4723B0D0D563B40BF0AD7211 /* NoteToolbarView.swift */ = {isa = PBXFileReference; lastKnownFileType = sourcecode.swift; path = NoteToolbarView.swift; sourceTree = "<group>"; };
		48F7FAD50DF90DD24DBFF35A /* StickyNotes.app */ = {isa = PBXFileReference; explicitFileType = wrapper.application; includeInIndex = 0; path = StickyNotes.app; sourceTree = BUILT_PRODUCTS_DIR; };
		52D260DC782A81409FDFA6CA /* SearchBar.swift */ = {isa = PBXFileReference; lastKnownFileType = sourcecode.swift; path = SearchBar.swift; sourceTree = "<group>"; };
		5F31518A3998CC795578F7B8 /* NoteTextEditor.swift */ = {isa = PBXFileReference; lastKnownFileType = sourcecode.swift; path = NoteTextEditor.swift; sourceTree = "<group>"; };
		6D4BAD512EEAEF4442394B01 /* SettingsView.swift */ = {isa = PBXFileReference; lastKnownFileType = sourcecode.swift; path = SettingsView.swift; sourceTree = "<group>"; };
		815FBA6DADF12E5FC41F5DEF /* URLDetector.swift */ = {isa = PBXFileReference; lastKnownFileType = sourcecode.swift; path = URLDetector.swift; sourceTree = "<group>"; };
		88FA0193B36885EB9821C43D /* ColorPickerMenu.swift */ = {isa = PBXFileReference; lastKnownFileType = sourcecode.swift; path = ColorPickerMenu.swift; sourceTree = "<group>"; };
		973FCD5349C50EA2134BE259 /* NoteCardView.swift */ = {isa = PBXFileReference; lastKnownFileType = sourcecode.swift; path = NoteCardView.swift; sourceTree = "<group>"; };
		AA4CAE13354C9E6012AA1457 /* WindowManager.swift */ = {isa = PBXFileReference; lastKnownFileType = sourcecode.swift; path = WindowManager.swift; sourceTree = "<group>"; };
		AA8553FD88D4A235710062D6 /* StickyNotesApp.swift */ = {isa = PBXFileReference; lastKnownFileType = sourcecode.swift; path = StickyNotesApp.swift; sourceTree = "<group>"; };
		AC75B15DB7993FBDBF019F5C /* NoteColor.swift */ = {isa = PBXFileReference; lastKnownFileType = sourcecode.swift; path = NoteColor.swift; sourceTree = "<group>"; };
		D7217EF20296DFC6B0BC4020 /* FormattingBar.swift */ = {isa = PBXFileReference; lastKnownFileType = sourcecode.swift; path = FormattingBar.swift; sourceTree = "<group>"; };
		D8826B7F98B8949FE9E61E5A /* StickyNote.swift */ = {isa = PBXFileReference; lastKnownFileType = sourcecode.swift; path = StickyNote.swift; sourceTree = "<group>"; };
		EE586DF508DB92410B58BAD5 /* NoteWindowView.swift */ = {isa = PBXFileReference; lastKnownFileType = sourcecode.swift; path = NoteWindowView.swift; sourceTree = "<group>"; };
		FEF7E171627D81943B9AF5E1 /* WindowAccessor.swift */ = {isa = PBXFileReference; lastKnownFileType = sourcecode.swift; path = WindowAccessor.swift; sourceTree = "<group>"; };
		FFA10ED573A90AB22C21C27D /* NotesListView.swift */ = {isa = PBXFileReference; lastKnownFileType = sourcecode.swift; path = NotesListView.swift; sourceTree = "<group>"; };
/* End PBXFileReference section */

/* Begin PBXGroup section */
		00C4C49F0CF49E5EE44A734D /* StickyNotes */ = {
			isa = PBXGroup;
			children = (
				24EEB5AEB946542708814690 /* StickyNotes.entitlements */,
				730AE2B1DC7AB22F2A532832 /* App */,
				B41D03763070720E7E44AE4E /* Models */,
				6AF5384F4732D1CC49EAE9B7 /* Resources */,
				D753CBDB6AA2F149F82A6F7A /* Services */,
				AD25D71F7651B6CE772C20DB /* Utilities */,
				34C44095B97D0C1BACB07010 /* Views */,
			);
			path = StickyNotes;
			sourceTree = "<group>";
		};
		03533427DE0285EF6FA83AE3 /* NotesList */ = {
			isa = PBXGroup;
			children = (
				973FCD5349C50EA2134BE259 /* NoteCardView.swift */,
				FFA10ED573A90AB22C21C27D /* NotesListView.swift */,
				52D260DC782A81409FDFA6CA /* SearchBar.swift */,
			);
			path = NotesList;
			sourceTree = "<group>";
		};
		34C44095B97D0C1BACB07010 /* Views */ = {
			isa = PBXGroup;
			children = (
				03533427DE0285EF6FA83AE3 /* NotesList */,
				9E4B0C01254D0EE8CC0B5A5C /* NoteWindow */,
				507C38355EABEFD12AA6F193 /* Shared */,
			);
			path = Views;
			sourceTree = "<group>";
		};
		4E2B9DFAFECACE9D91CA93A4 = {
			isa = PBXGroup;
			children = (
				00C4C49F0CF49E5EE44A734D /* StickyNotes */,
				FB687CFA1368E1A62656DDD1 /* Products */,
			);
			sourceTree = "<group>";
		};
		507C38355EABEFD12AA6F193 /* Shared */ = {
			isa = PBXGroup;
			children = (
				6D4BAD512EEAEF4442394B01 /* SettingsView.swift */,
				FEF7E171627D81943B9AF5E1 /* WindowAccessor.swift */,
			);
			path = Shared;
			sourceTree = "<group>";
		};
		6AF5384F4732D1CC49EAE9B7 /* Resources */ = {
			isa = PBXGroup;
			children = (
				330DBE45BB9D76027DFFCD95 /* Assets.xcassets */,
			);
			path = Resources;
			sourceTree = "<group>";
		};
		730AE2B1DC7AB22F2A532832 /* App */ = {
			isa = PBXGroup;
			children = (
				AA8553FD88D4A235710062D6 /* StickyNotesApp.swift */,
			);
			path = App;
			sourceTree = "<group>";
		};
		9E4B0C01254D0EE8CC0B5A5C /* NoteWindow */ = {
			isa = PBXGroup;
			children = (
				88FA0193B36885EB9821C43D /* ColorPickerMenu.swift */,
				D7217EF20296DFC6B0BC4020 /* FormattingBar.swift */,
				5F31518A3998CC795578F7B8 /* NoteTextEditor.swift */,
				4723B0D0D563B40BF0AD7211 /* NoteToolbarView.swift */,
				EE586DF508DB92410B58BAD5 /* NoteWindowView.swift */,
			);
			path = NoteWindow;
			sourceTree = "<group>";
		};
		AD25D71F7651B6CE772C20DB /* Utilities */ = {
			isa = PBXGroup;
			children = (
				2297900470B900CA99A1EE23 /* ColorExtensions.swift */,
				22253EDED58982293A39106F /* DateFormatting.swift */,
				815FBA6DADF12E5FC41F5DEF /* URLDetector.swift */,
			);
			path = Utilities;
			sourceTree = "<group>";
		};
		B41D03763070720E7E44AE4E /* Models */ = {
			isa = PBXGroup;
			children = (
				AC75B15DB7993FBDBF019F5C /* NoteColor.swift */,
				D8826B7F98B8949FE9E61E5A /* StickyNote.swift */,
			);
			path = Models;
			sourceTree = "<group>";
		};
		D753CBDB6AA2F149F82A6F7A /* Services */ = {
			isa = PBXGroup;
			children = (
				1C430675DDF145051A7C5A15 /* TextEditorProxy.swift */,
				AA4CAE13354C9E6012AA1457 /* WindowManager.swift */,
			);
			path = Services;
			sourceTree = "<group>";
		};
		FB687CFA1368E1A62656DDD1 /* Products */ = {
			isa = PBXGroup;
			children = (
				48F7FAD50DF90DD24DBFF35A /* StickyNotes.app */,
			);
			name = Products;
			sourceTree = "<group>";
		};
/* End PBXGroup section */

/* Begin PBXNativeTarget section */
		79739306D0E728206179484B /* StickyNotes */ = {
			isa = PBXNativeTarget;
			buildConfigurationList = 1F2AE3FDAE09C2D4C2E2A8A3 /* Build configuration list for PBXNativeTarget "StickyNotes" */;
			buildPhases = (
				BBA6F222D23D65B6E6716F15 /* Sources */,
				242B4ECB1BB66A8B84364940 /* Resources */,
			);
			buildRules = (
			);
			dependencies = (
			);
			name = StickyNotes;
			packageProductDependencies = (
			);
			productName = StickyNotes;
			productReference = 48F7FAD50DF90DD24DBFF35A /* StickyNotes.app */;
			productType = "com.apple.product-type.application";
		};
/* End PBXNativeTarget section */

/* Begin PBXProject section */
		91582E3B08811EC7ED174249 /* Project object */ = {
			isa = PBXProject;
			attributes = {
				BuildIndependentTargetsInParallel = YES;
				LastUpgradeCheck = 1500;
				TargetAttributes = {
				};
			};
			buildConfigurationList = 0C84412A9808554CA465B0EA /* Build configuration list for PBXProject "StickyNotes" */;
			developmentRegion = en;
			hasScannedForEncodings = 0;
			knownRegions = (
				Base,
				en,
			);
			mainGroup = 4E2B9DFAFECACE9D91CA93A4;
			minimizedProjectReferenceProxies = 1;
			preferredProjectObjectVersion = 77;
			productRefGroup = FB687CFA1368E1A62656DDD1 /* Products */;
			projectDirPath = "";
			projectRoot = "";
			targets = (
				79739306D0E728206179484B /* StickyNotes */,
			);
		};
/* End PBXProject section */

/* Begin PBXResourcesBuildPhase section */
		242B4ECB1BB66A8B84364940 /* Resources */ = {
			isa = PBXResourcesBuildPhase;
			buildActionMask = 2147483647;
			files = (
				C2DB3D4BD76A9D3931B58DB4 /* Assets.xcassets in Resources */,
			);
			runOnlyForDeploymentPostprocessing = 0;
		};
/* End PBXResourcesBuildPhase section */

/* Begin PBXSourcesBuildPhase section */
		BBA6F222D23D65B6E6716F15 /* Sources */ = {
			isa = PBXSourcesBuildPhase;
			buildActionMask = 2147483647;
			files = (
				550F496734439B63A09B88EF /* ColorExtensions.swift in Sources */,
				6294487BC7E6D4BD155FD2A7 /* ColorPickerMenu.swift in Sources */,
				1CB95E103FB9210DFEBEB993 /* DateFormatting.swift in Sources */,
				C7E92EC7346610FB86681445 /* FormattingBar.swift in Sources */,
				7D3F027AF4546422847A0E24 /* NoteCardView.swift in Sources */,
				7B5A35F39F2C3202EE6CFBD6 /* NoteColor.swift in Sources */,
				6D71A63DB6B552E6182DAD52 /* NoteTextEditor.swift in Sources */,
				9D9B6F518E852E952AE46688 /* NoteToolbarView.swift in Sources */,
				6D1189EDC4760413991B21D0 /* NoteWindowView.swift in Sources */,
				5ED177517D5612505D58BCD0 /* NotesListView.swift in Sources */,
				9D79F23ACC031929FB318A9C /* SearchBar.swift in Sources */,
				C5F5AFD2B4CEF7F365C2304B /* SettingsView.swift in Sources */,
				D8EB2F04D85F640DB8EAAAD8 /* StickyNote.swift in Sources */,
				9EB6DECB906FCAE9D2181AD6 /* StickyNotesApp.swift in Sources */,
				D60D810A51DE1054F08D098C /* TextEditorProxy.swift in Sources */,
				2DF20E09E4B01844DBDD5D61 /* URLDetector.swift in Sources */,
				733E020D3F886A45FF890F45 /* WindowAccessor.swift in Sources */,
				25F8D03BFFB6FB179A74167A /* WindowManager.swift in Sources */,
			);
			runOnlyForDeploymentPostprocessing = 0;
		};
/* End PBXSourcesBuildPhase section */

/* Begin XCBuildConfiguration section */
		1B80FDFB6344E1C29C6BD576 /* Release */ = {
			isa = XCBuildConfiguration;
			buildSettings = {
				ASSETCATALOG_COMPILER_APPICON_NAME = AppIcon;
				CODE_SIGN_ENTITLEMENTS = StickyNotes/StickyNotes.entitlements;
				COMBINE_HIDPI_IMAGES = YES;
				CURRENT_PROJECT_VERSION = 1;
				ENABLE_PREVIEWS = YES;
				GENERATE_INFOPLIST_FILE = YES;
				INFOPLIST_KEY_CFBundleDisplayName = "Sticky Notes";
				INFOPLIST_KEY_LSApplicationCategoryType = "public.app-category.productivity";
				LD_RUNPATH_SEARCH_PATHS = (
					"$(inherited)",
					"@executable_path/../Frameworks",
				);
				MACOSX_DEPLOYMENT_TARGET = 14.0;
				MARKETING_VERSION = 1.0.0;
				PRODUCT_BUNDLE_IDENTIFIER = "com.shenanigans.sticky-notes";
				PRODUCT_NAME = "Sticky Notes";
				SDKROOT = macosx;
				SWIFT_VERSION = 5.9;
			};
			name = Release;
		};
		2405E397827F72E575CA13E0 /* Release */ = {
			isa = XCBuildConfiguration;
			buildSettings = {
				ALWAYS_SEARCH_USER_PATHS = NO;
				CLANG_ANALYZER_NONNULL = YES;
				CLANG_ANALYZER_NUMBER_OBJECT_CONVERSION = YES_AGGRESSIVE;
				CLANG_CXX_LANGUAGE_STANDARD = "gnu++14";
				CLANG_CXX_LIBRARY = "libc++";
				CLANG_ENABLE_MODULES = YES;
				CLANG_ENABLE_OBJC_ARC = YES;
				CLANG_ENABLE_OBJC_WEAK = YES;
				CLANG_WARN_BLOCK_CAPTURE_AUTORELEASING = YES;
				CLANG_WARN_BOOL_CONVERSION = YES;
				CLANG_WARN_COMMA = YES;
				CLANG_WARN_CONSTANT_CONVERSION = YES;
				CLANG_WARN_DEPRECATED_OBJC_IMPLEMENTATIONS = YES;
				CLANG_WARN_DIRECT_OBJC_ISA_USAGE = YES_ERROR;
				CLANG_WARN_DOCUMENTATION_COMMENTS = YES;
				CLANG_WARN_EMPTY_BODY = YES;
				CLANG_WARN_ENUM_CONVERSION = YES;
				CLANG_WARN_INFINITE_RECURSION = YES;
				CLANG_WARN_INT_CONVERSION = YES;
				CLANG_WARN_NON_LITERAL_NULL_CONVERSION = YES;
				CLANG_WARN_OBJC_IMPLICIT_RETAIN_SELF = YES;
				CLANG_WARN_OBJC_LITERAL_CONVERSION = YES;
				CLANG_WARN_OBJC_ROOT_CLASS = YES_ERROR;
				CLANG_WARN_QUOTED_INCLUDE_IN_FRAMEWORK_HEADER = YES;
				CLANG_WARN_RANGE_LOOP_ANALYSIS = YES;
				CLANG_WARN_STRICT_PROTOTYPES = YES;
				CLANG_WARN_SUSPICIOUS_MOVE = YES;
				CLANG_WARN_UNGUARDED_AVAILABILITY = YES_AGGRESSIVE;
				CLANG_WARN_UNREACHABLE_CODE = YES;
				CLANG_WARN__DUPLICATE_METHOD_MATCH = YES;
				COPY_PHASE_STRIP = NO;
				DEBUG_INFORMATION_FORMAT = "dwarf-with-dsym";
				ENABLE_NS_ASSERTIONS = NO;
				ENABLE_STRICT_OBJC_MSGSEND = YES;
				GCC_C_LANGUAGE_STANDARD = gnu11;
				GCC_NO_COMMON_BLOCKS = YES;
				GCC_WARN_64_TO_32_BIT_CONVERSION = YES;
				GCC_WARN_ABOUT_RETURN_TYPE = YES_ERROR;
				GCC_WARN_UNDECLARED_SELECTOR = YES;
				GCC_WARN_UNINITIALIZED_AUTOS = YES_AGGRESSIVE;
				GCC_WARN_UNUSED_FUNCTION = YES;
				GCC_WARN_UNUSED_VARIABLE = YES;
				MACOSX_DEPLOYMENT_TARGET = 14.0;
				MTL_ENABLE_DEBUG_INFO = NO;
				MTL_FAST_MATH = YES;
				PRODUCT_NAME = "$(TARGET_NAME)";
				SDKROOT = macosx;
				SWIFT_COMPILATION_MODE = wholemodule;
				SWIFT_OPTIMIZATION_LEVEL = "-O";
				SWIFT_VERSION = 5.0;
			};
			name = Release;
		};
		421687E434DC89975A82ED91 /* Debug */ = {
			isa = XCBuildConfiguration;
			buildSettings = {
				ASSETCATALOG_COMPILER_APPICON_NAME = AppIcon;
				CODE_SIGN_ENTITLEMENTS = StickyNotes/StickyNotes.entitlements;
				COMBINE_HIDPI_IMAGES = YES;
				CURRENT_PROJECT_VERSION = 1;
				ENABLE_PREVIEWS = YES;
				GENERATE_INFOPLIST_FILE = YES;
				INFOPLIST_KEY_CFBundleDisplayName = "Sticky Notes";
				INFOPLIST_KEY_LSApplicationCategoryType = "public.app-category.productivity";
				LD_RUNPATH_SEARCH_PATHS = (
					"$(inherited)",
					"@executable_path/../Frameworks",
				);
				MACOSX_DEPLOYMENT_TARGET = 14.0;
				MARKETING_VERSION = 1.0.0;
				PRODUCT_BUNDLE_IDENTIFIER = "com.shenanigans.sticky-notes";
				PRODUCT_NAME = "Sticky Notes";
				SDKROOT = macosx;
				SWIFT_VERSION = 5.9;
			};
			name = Debug;
		};
		4F46AC4611D5C389471FD1FD /* Debug */ = {
			isa = XCBuildConfiguration;
			buildSettings = {
				ALWAYS_SEARCH_USER_PATHS = NO;
				CLANG_ANALYZER_NONNULL = YES;
				CLANG_ANALYZER_NUMBER_OBJECT_CONVERSION = YES_AGGRESSIVE;
				CLANG_CXX_LANGUAGE_STANDARD = "gnu++14";
				CLANG_CXX_LIBRARY = "libc++";
				CLANG_ENABLE_MODULES = YES;
				CLANG_ENABLE_OBJC_ARC = YES;
				CLANG_ENABLE_OBJC_WEAK = YES;
				CLANG_WARN_BLOCK_CAPTURE_AUTORELEASING = YES;
				CLANG_WARN_BOOL_CONVERSION = YES;
				CLANG_WARN_COMMA = YES;
				CLANG_WARN_CONSTANT_CONVERSION = YES;
				CLANG_WARN_DEPRECATED_OBJC_IMPLEMENTATIONS = YES;
				CLANG_WARN_DIRECT_OBJC_ISA_USAGE = YES_ERROR;
				CLANG_WARN_DOCUMENTATION_COMMENTS = YES;
				CLANG_WARN_EMPTY_BODY = YES;
				CLANG_WARN_ENUM_CONVERSION = YES;
				CLANG_WARN_INFINITE_RECURSION = YES;
				CLANG_WARN_INT_CONVERSION = YES;
				CLANG_WARN_NON_LITERAL_NULL_CONVERSION = YES;
				CLANG_WARN_OBJC_IMPLICIT_RETAIN_SELF = YES;
				CLANG_WARN_OBJC_LITERAL_CONVERSION = YES;
				CLANG_WARN_OBJC_ROOT_CLASS = YES_ERROR;
				CLANG_WARN_QUOTED_INCLUDE_IN_FRAMEWORK_HEADER = YES;
				CLANG_WARN_RANGE_LOOP_ANALYSIS = YES;
				CLANG_WARN_STRICT_PROTOTYPES = YES;
				CLANG_WARN_SUSPICIOUS_MOVE = YES;
				CLANG_WARN_UNGUARDED_AVAILABILITY = YES_AGGRESSIVE;
				CLANG_WARN_UNREACHABLE_CODE = YES;
				CLANG_WARN__DUPLICATE_METHOD_MATCH = YES;
				COPY_PHASE_STRIP = NO;
				DEBUG_INFORMATION_FORMAT = dwarf;
				ENABLE_STRICT_OBJC_MSGSEND = YES;
				ENABLE_TESTABILITY = YES;
				GCC_C_LANGUAGE_STANDARD = gnu11;
				GCC_DYNAMIC_NO_PIC = NO;
				GCC_NO_COMMON_BLOCKS = YES;
				GCC_OPTIMIZATION_LEVEL = 0;
				GCC_PREPROCESSOR_DEFINITIONS = (
					"$(inherited)",
					"DEBUG=1",
				);
				GCC_WARN_64_TO_32_BIT_CONVERSION = YES;
				GCC_WARN_ABOUT_RETURN_TYPE = YES_ERROR;
				GCC_WARN_UNDECLARED_SELECTOR = YES;
				GCC_WARN_UNINITIALIZED_AUTOS = YES_AGGRESSIVE;
				GCC_WARN_UNUSED_FUNCTION = YES;
				GCC_WARN_UNUSED_VARIABLE = YES;
				MACOSX_DEPLOYMENT_TARGET = 14.0;
				MTL_ENABLE_DEBUG_INFO = INCLUDE_SOURCE;
				MTL_FAST_MATH = YES;
				ONLY_ACTIVE_ARCH = YES;
				PRODUCT_NAME = "$(TARGET_NAME)";
				SDKROOT = macosx;
				SWIFT_ACTIVE_COMPILATION_CONDITIONS = DEBUG;
				SWIFT_OPTIMIZATION_LEVEL = "-Onone";
				SWIFT_VERSION = 5.0;
			};
			name = Debug;
		};
/* End XCBuildConfiguration section */

/* Begin XCConfigurationList section */
		0C84412A9808554CA465B0EA /* Build configuration list for PBXProject "StickyNotes" */ = {
			isa = XCConfigurationList;
			buildConfigurations = (
				4F46AC4611D5C389471FD1FD /* Debug */,
				2405E397827F72E575CA13E0 /* Release */,
			);
			defaultConfigurationIsVisible = 0;
			defaultConfigurationName = Debug;
		};
		1F2AE3FDAE09C2D4C2E2A8A3 /* Build configuration list for PBXNativeTarget "StickyNotes" */ = {
			isa = XCConfigurationList;
			buildConfigurations = (
				421687E434DC89975A82ED91 /* Debug */,
				1B80FDFB6344E1C29C6BD576 /* Release */,
			);
			defaultConfigurationIsVisible = 0;
			defaultConfigurationName = Debug;
		};
/* End XCConfigurationList section */
	};
	rootObject = 91582E3B08811EC7ED174249 /* Project object */;
}
